
Microsoft Visual Studio Solution File, Format Version 12.00
# Visual Studio Version 17
VisualStudioVersion = 17.3.32825.248
MinimumVisualStudioVersion = 10.0.40219.1
Project("{9A19103F-16F7-4668-BE54-9A1E7A4F7556}") = "Lab08(Streams)", "Lab08(Streams)\Lab08(Streams).csproj", "{C2C8B272-47E6-4FC1-8018-F221256D8DFE}"
EndProject
Project("{9A19103F-16F7-4668-BE54-9A1E7A4F7556}") = "DeserializeAnimal", "DeserializeAnimal\DeserializeAnimal.csproj", "{16E31877-086B-44C5-ACA8-9BC88DB1BD0E}"
EndProject
Project("{9A19103F-16F7-4668-BE54-9A1E7A4F7556}") = "SerializeAnimal", "SerializeAnimal\SerializeAnimal.csproj", "{D25350CA-AF8C-4A29-9C13-01078E37C009}"
EndProject
Project("{FAE04EC0-301F-11D3-BF4B-00C04F79EFBC}") = "FileStream", "FileStream\FileStream.csproj", "{9E6C0397-9E3E-4130-AFC3-4FE2A26B9565}"
EndProject
Global
	GlobalSection(SolutionConfigurationPlatforms) = preSolution
		Debug|Any CPU = Debug|Any CPU
		Release|Any CPU = Release|Any CPU
	EndGlobalSection
	GlobalSection(ProjectConfigurationPlatforms) = postSolution
		{C2C8B272-47E6-4FC1-8018-F221256D8DFE}.Debug|Any CPU.ActiveCfg = Debug|Any CPU
		{C2C8B272-47E6-4FC1-8018-F221256D8DFE}.Debug|Any CPU.Build.0 = Debug|Any CPU
		{C2C8B272-47E6-4FC1-8018-F221256D8DFE}.Release|Any CPU.ActiveCfg = Release|Any CPU
		{C2C8B272-47E6-4FC1-8018-F221256D8DFE}.Release|Any CPU.Build.0 = Release|Any CPU
		{16E31877-086B-44C5-ACA8-9BC88DB1BD0E}.Debug|Any CPU.ActiveCfg = Debug|Any CPU
		{16E31877-086B-44C5-ACA8-9BC88DB1BD0E}.Debug|Any CPU.Build.0 = Debug|Any CPU
		{16E31877-086B-44C5-ACA8-9BC88DB1BD0E}.Release|Any CPU.ActiveCfg = Release|Any CPU
		{16E31877-086B-44C5-ACA8-9BC88DB1BD0E}.Release|Any CPU.Build.0 = Release|Any CPU
		{D25350CA-AF8C-4A29-9C13-01078E37C009}.Debug|Any CPU.ActiveCfg = Debug|Any CPU
		{D25350CA-AF8C-4A29-9C13-01078E37C009}.Debug|Any CPU.Build.0 = Debug|Any CPU
		{D25350CA-AF8C-4A29-9C13-01078E37C009}.Release|Any CPU.ActiveCfg = Release|Any CPU
		{D25350CA-AF8C-4A29-9C13-01078E37C009}.Release|Any CPU.Build.0 = Release|Any CPU
		{9E6C0397-9E3E-4130-AFC3-4FE2A26B9565}.Debug|Any CPU.ActiveCfg = Debug|Any CPU
		{9E6C0397-9E3E-4130-AFC3-4FE2A26B9565}.Debug|Any CPU.Build.0 = Debug|Any CPU
		{9E6C0397-9E3E-4130-AFC3-4FE2A26B9565}.Release|Any CPU.ActiveCfg = Release|Any CPU
		{9E6C0397-9E3E-4130-AFC3-4FE2A26B9565}.Release|Any CPU.Build.0 = Release|Any CPU
	EndGlobalSection
	GlobalSection(SolutionProperties) = preSolution
		HideSolutionNode = FALSE
	EndGlobalSection
	GlobalSection(ExtensibilityGlobals) = postSolution
		SolutionGuid = {0493179B-3C88-4049-BAF8-52D8BEAAA3FE}
	EndGlobalSection
EndGlobal
